
Microsoft Visual Studio Solution File, Format Version 10.00
# Visual Studio 2008
Project("{8BC9CEB8-8B4A-11D0-8D11-00A0C91BC942}") = "TestAoi", "TestAoi\TestAoi.vcproj", "{17D14D32-9EAD-44BB-A26D-DDC070395502}"
EndProject
Global
	GlobalSection(SolutionConfigurationPlatforms) = preSolution
		Debug|Win32 = Debug|Win32
		Release|Win32 = Release|Win32
	EndGlobalSection
	GlobalSection(ProjectConfigurationPlatforms) = postSolution
		{17D14D32-9EAD-44BB-A26D-DDC070395502}.Debug|Win32.ActiveCfg = Debug|Win32
		{17D14D32-9EAD-44BB-A26D-DDC070395502}.Debug|Win32.Build.0 = Debug|Win32
		{17D14D32-9EAD-44BB-A26D-DDC070395502}.Release|Win32.ActiveCfg = Release|Win32
		{17D14D32-9EAD-44BB-A26D-DDC070395502}.Release|Win32.Build.0 = Release|Win32
	EndGlobalSection
	GlobalSection(SolutionProperties) = preSolution
		HideSolutionNode = FALSE
	EndGlobalSection
EndGlobal
